
Microsoft Visual Studio Solution File, Format Version 11.00
# Visual Studio 2010
Project("{FAE04EC0-301F-11D3-BF4B-00C04F79EFBC}") = "Unity.Timeline", "Unity.Timeline.csproj", "{0ed96a07-b8ee-9d43-e8a5-e8e73e1dd845}"
EndProject
Project("{FAE04EC0-301F-11D3-BF4B-00C04F79EFBC}") = "Unity.RenderPipelines.GPUDriven.Runtime", "Unity.RenderPipelines.GPUDriven.Runtime.csproj", "{a9a40ec9-2e4b-b581-c3ab-c0815a3119fa}"
EndProject
Project("{FAE04EC0-301F-11D3-BF4B-00C04F79EFBC}") = "Unity.PlasticSCM.Editor", "Unity.PlasticSCM.Editor.csproj", "{6eee2c4e-c6b5-d56b-2f1a-c0d0a2561699}"
EndProject
Project("{FAE04EC0-301F-11D3-BF4B-00C04F79EFBC}") = "Unity.Services.Authentication.PlayerAccounts", "Unity.Services.Authentication.PlayerAccounts.csproj", "{1017b488-8e3d-520f-c29d-f4fe849e63eb}"
EndProject
Project("{FAE04EC0-301F-11D3-BF4B-00C04F79EFBC}") = "Unity.Services.Core.Internal", "Unity.Services.Core.Internal.csproj", "{12bc7327-29a4-e331-1280-1cd894ed6b44}"
EndProject
Project("{FAE04EC0-301F-11D3-BF4B-00C04F79EFBC}") = "Unity.ShaderGraph.Editor", "Unity.ShaderGraph.Editor.csproj", "{1141365a-0b60-7044-7faf-c4e176aa6c70}"
EndProject
Project("{FAE04EC0-301F-11D3-BF4B-00C04F79EFBC}") = "Unity.RenderPipelines.Core.Runtime", "Unity.RenderPipelines.Core.Runtime.csproj", "{b7f1601a-9981-7d70-27d7-cf567f0b7555}"
EndProject
Project("{FAE04EC0-301F-11D3-BF4B-00C04F79EFBC}") = "Unity.Mathematics", "Unity.Mathematics.csproj", "{acf6d1b3-b7ef-c23b-e709-bc80f7aecd89}"
EndProject
Project("{FAE04EC0-301F-11D3-BF4B-00C04F79EFBC}") = "Unity.Timeline.Editor", "Unity.Timeline.Editor.csproj", "{056f9ef8-0769-e6ce-2aab-fb858cd73885}"
EndProject
Project("{FAE04EC0-301F-11D3-BF4B-00C04F79EFBC}") = "Unity.Multiplayer.Center.Editor", "Unity.Multiplayer.Center.Editor.csproj", "{1416ff4b-618d-cfb7-53a0-b5e8ce90ed72}"
EndProject
Project("{FAE04EC0-301F-11D3-BF4B-00C04F79EFBC}") = "Unity.RenderPipelines.Core.Editor", "Unity.RenderPipelines.Core.Editor.csproj", "{1504b9be-3d2b-10e2-323a-e77e8a4a3863}"
EndProject
Project("{FAE04EC0-301F-11D3-BF4B-00C04F79EFBC}") = "Unity.Collections", "Unity.Collections.csproj", "{34018b36-b4d0-aa73-9046-904c7ab63310}"
EndProject
Project("{FAE04EC0-301F-11D3-BF4B-00C04F79EFBC}") = "UnityEngine.UI", "UnityEngine.UI.csproj", "{dd03b34c-6aea-de9c-fe35-4230d00c662b}"
EndProject
Project("{FAE04EC0-301F-11D3-BF4B-00C04F79EFBC}") = "Unity.RenderPipelines.Universal.2D.Runtime", "Unity.RenderPipelines.Universal.2D.Runtime.csproj", "{0da19499-c1be-6a22-a27a-dcd9dfdc0a7b}"
EndProject
Project("{FAE04EC0-301F-11D3-BF4B-00C04F79EFBC}") = "Unity.VisualScripting.Core.Editor", "Unity.VisualScripting.Core.Editor.csproj", "{10ad68d5-d0ba-3877-072f-09ebcd958445}"
EndProject
Project("{FAE04EC0-301F-11D3-BF4B-00C04F79EFBC}") = "Unity.RenderPipelines.Universal.Editor", "Unity.RenderPipelines.Universal.Editor.csproj", "{c62ba27d-94f4-d74f-f71d-ed24166e92de}"
EndProject
Project("{FAE04EC0-301F-11D3-BF4B-00C04F79EFBC}") = "Unity.PerformanceTesting.Editor", "Unity.PerformanceTesting.Editor.csproj", "{2a812eae-c2a4-1ade-0eb9-9f394f2b1798}"
EndProject
Project("{FAE04EC0-301F-11D3-BF4B-00C04F79EFBC}") = "UnityEngine.TestRunner", "UnityEngine.TestRunner.csproj", "{f2c9db39-e8f1-60a0-695b-8564de21b084}"
EndProject
Project("{FAE04EC0-301F-11D3-BF4B-00C04F79EFBC}") = "Unity.Burst", "Unity.Burst.csproj", "{0ef5186e-dd01-cc04-988a-11678c9127df}"
EndProject
Project("{FAE04EC0-301F-11D3-BF4B-00C04F79EFBC}") = "Unity.Services.Core.Environments.Editor", "Unity.Services.Core.Environments.Editor.csproj", "{a900d038-45de-3224-1892-b242ebf12db2}"
EndProject
Project("{FAE04EC0-301F-11D3-BF4B-00C04F79EFBC}") = "Unity.VisualScripting.Flow.Editor", "Unity.VisualScripting.Flow.Editor.csproj", "{f6c2f04b-25fb-b295-c0ab-f619d933466e}"
EndProject
Project("{FAE04EC0-301F-11D3-BF4B-00C04F79EFBC}") = "Unity.VisualStudio.Editor", "Unity.VisualStudio.Editor.csproj", "{ba9e5a84-70b7-f533-23e0-ce35fbc34844}"
EndProject
Project("{FAE04EC0-301F-11D3-BF4B-00C04F79EFBC}") = "Unity.Services.Authentication", "Unity.Services.Authentication.csproj", "{015d7ac9-6497-d440-99aa-e258cff12aaa}"
EndProject
Project("{FAE04EC0-301F-11D3-BF4B-00C04F79EFBC}") = "Unity.InputSystem", "Unity.InputSystem.csproj", "{705f02b1-8b70-477e-a59b-88c1093b98bc}"
EndProject
Project("{FAE04EC0-301F-11D3-BF4B-00C04F79EFBC}") = "Unity.ML-Agents", "Unity.ML-Agents.csproj", "{982cdacd-2048-dfe0-1c86-efb8de07f2c6}"
EndProject
Project("{FAE04EC0-301F-11D3-BF4B-00C04F79EFBC}") = "PPv2URPConverters", "PPv2URPConverters.csproj", "{d2616b67-95fa-16d9-6173-453f32d57760}"
EndProject
Project("{FAE04EC0-301F-11D3-BF4B-00C04F79EFBC}") = "Unity.Services.Authentication.Editor", "Unity.Services.Authentication.Editor.csproj", "{23f2ae61-8e0a-799b-b14e-ad972661bdf8}"
EndProject
Project("{FAE04EC0-301F-11D3-BF4B-00C04F79EFBC}") = "Unity.Searcher.Editor", "Unity.Searcher.Editor.csproj", "{5e10d7e1-4692-1812-5f49-22e9a8472404}"
EndProject
Project("{FAE04EC0-301F-11D3-BF4B-00C04F79EFBC}") = "UnityEditor.TestRunner", "UnityEditor.TestRunner.csproj", "{bef2e32f-f74b-5ec3-cede-c0ba23efb6af}"
EndProject
Project("{FAE04EC0-301F-11D3-BF4B-00C04F79EFBC}") = "Unity.ML-Agents.CommunicatorObjects", "Unity.ML-Agents.CommunicatorObjects.csproj", "{fc08e6aa-e05d-ea2e-30ec-c4a09e7a5c20}"
EndProject
Project("{FAE04EC0-301F-11D3-BF4B-00C04F79EFBC}") = "Unity.VisualScripting.Core", "Unity.VisualScripting.Core.csproj", "{8b95f68a-aec7-e1f8-dc45-260750eb60eb}"
EndProject
Project("{FAE04EC0-301F-11D3-BF4B-00C04F79EFBC}") = "Unity.RenderPipelines.Universal.Runtime", "Unity.RenderPipelines.Universal.Runtime.csproj", "{cb630514-a599-824c-1441-a8cf1905ff71}"
EndProject
Project("{FAE04EC0-301F-11D3-BF4B-00C04F79EFBC}") = "Unity.CollabProxy.Editor", "Unity.CollabProxy.Editor.csproj", "{de951872-0569-4391-3e8e-bd22e4a6c74d}"
EndProject
Project("{FAE04EC0-301F-11D3-BF4B-00C04F79EFBC}") = "Unity.Barracuda", "Unity.Barracuda.csproj", "{079b2745-f755-b105-383b-d2af2ca0f4bf}"
EndProject
Project("{FAE04EC0-301F-11D3-BF4B-00C04F79EFBC}") = "Unity.AI.Navigation.Editor.ConversionSystem", "Unity.AI.Navigation.Editor.ConversionSystem.csproj", "{889a5019-8f6c-c952-e9a9-1ff47933c673}"
EndProject
Project("{FAE04EC0-301F-11D3-BF4B-00C04F79EFBC}") = "Unity.VisualScripting.State.Editor", "Unity.VisualScripting.State.Editor.csproj", "{8f31cc46-a736-b7fb-215a-705039fe2ec0}"
EndProject
Project("{FAE04EC0-301F-11D3-BF4B-00C04F79EFBC}") = "Unity.Services.Core.Editor", "Unity.Services.Core.Editor.csproj", "{ae077ba5-03f9-f268-0927-9fbca785c089}"
EndProject
Project("{FAE04EC0-301F-11D3-BF4B-00C04F79EFBC}") = "Unity.Burst.CodeGen", "Unity.Burst.CodeGen.csproj", "{b09bc758-0fc7-1ffe-4121-f03515bd5b44}"
EndProject
Project("{FAE04EC0-301F-11D3-BF4B-00C04F79EFBC}") = "Unity.Services.Core", "Unity.Services.Core.csproj", "{2ef99ca7-234c-40ad-bbab-485844c6a974}"
EndProject
Project("{FAE04EC0-301F-11D3-BF4B-00C04F79EFBC}") = "Unity.VisualScripting.Flow", "Unity.VisualScripting.Flow.csproj", "{f8263042-8418-3d21-8f24-9ef0b31ccfee}"
EndProject
Project("{FAE04EC0-301F-11D3-BF4B-00C04F79EFBC}") = "Unity.PerformanceTesting", "Unity.PerformanceTesting.csproj", "{35c464cb-0243-21d2-7d34-1e18e88c9268}"
EndProject
Project("{FAE04EC0-301F-11D3-BF4B-00C04F79EFBC}") = "Unity.TextMeshPro", "Unity.TextMeshPro.csproj", "{d567ad4e-8580-8e20-a3a4-18d11d3be4e9}"
EndProject
Project("{FAE04EC0-301F-11D3-BF4B-00C04F79EFBC}") = "Unity.TextMeshPro.Editor", "Unity.TextMeshPro.Editor.csproj", "{0d17a5d6-b9e2-07a4-0378-169fc2d42534}"
EndProject
Project("{FAE04EC0-301F-11D3-BF4B-00C04F79EFBC}") = "Unity.Rendering.LightTransport.Runtime", "Unity.Rendering.LightTransport.Runtime.csproj", "{e92c9d69-7423-c2ca-9b8a-8e02dc9742df}"
EndProject
Project("{FAE04EC0-301F-11D3-BF4B-00C04F79EFBC}") = "Unity.Burst.Editor", "Unity.Burst.Editor.csproj", "{0853f1ce-4d32-fdd0-41b2-860dfc94a3d3}"
EndProject
Project("{FAE04EC0-301F-11D3-BF4B-00C04F79EFBC}") = "Unity.Rider.Editor", "Unity.Rider.Editor.csproj", "{c24212b5-2d8c-e37a-3978-536064434832}"
EndProject
Project("{FAE04EC0-301F-11D3-BF4B-00C04F79EFBC}") = "Unity.VisualScripting.State", "Unity.VisualScripting.State.csproj", "{9c0d470a-91f3-e084-f5e5-162d400c96e7}"
EndProject
Project("{FAE04EC0-301F-11D3-BF4B-00C04F79EFBC}") = "Unity.AI.Navigation.Updater", "Unity.AI.Navigation.Updater.csproj", "{d72936c4-b15d-69e5-fd36-ad7e229aa411}"
EndProject
Project("{FAE04EC0-301F-11D3-BF4B-00C04F79EFBC}") = "UnityEditor.UI", "UnityEditor.UI.csproj", "{49277037-a8c5-63e5-5b1d-b034e87ecf1c}"
EndProject
Project("{FAE04EC0-301F-11D3-BF4B-00C04F79EFBC}") = "Unity.Services.Authentication.PlayerAccounts.Editor", "Unity.Services.Authentication.PlayerAccounts.Editor.csproj", "{7251ed18-10c8-deee-3038-bf1b59398373}"
EndProject
Project("{FAE04EC0-301F-11D3-BF4B-00C04F79EFBC}") = "Unity.ML-Agents.Editor", "Unity.ML-Agents.Editor.csproj", "{2bd98fcd-42aa-7618-deac-51d126059b59}"
EndProject
Project("{FAE04EC0-301F-11D3-BF4B-00C04F79EFBC}") = "Unity.AI.Navigation.Editor", "Unity.AI.Navigation.Editor.csproj", "{b98da0c5-a872-8e62-075c-1c2e7532ff62}"
EndProject
Project("{FAE04EC0-301F-11D3-BF4B-00C04F79EFBC}") = "Unity.Services.Core.Configuration.Editor", "Unity.Services.Core.Configuration.Editor.csproj", "{0bd0eb3b-6033-a7fc-44b0-30c762333068}"
EndProject
Project("{FAE04EC0-301F-11D3-BF4B-00C04F79EFBC}") = "Unity.Services.Core.Configuration", "Unity.Services.Core.Configuration.csproj", "{63757be6-865d-8a7b-e058-5196730b082b}"
EndProject
Project("{FAE04EC0-301F-11D3-BF4B-00C04F79EFBC}") = "Unity.Multiplayer.Center.Common", "Unity.Multiplayer.Center.Common.csproj", "{108ce52a-3bf5-a3db-140e-98e79cf15e78}"
EndProject
Project("{FAE04EC0-301F-11D3-BF4B-00C04F79EFBC}") = "Unity.Services.Core.Environments.Internal", "Unity.Services.Core.Environments.Internal.csproj", "{a6291dc9-b50f-5e02-7092-d44bfcf56c4b}"
EndProject
Project("{FAE04EC0-301F-11D3-BF4B-00C04F79EFBC}") = "Unity.InputSystem.ForUI", "Unity.InputSystem.ForUI.csproj", "{863fddeb-4d8c-3b0c-95f5-f89c6dafce00}"
EndProject
Project("{FAE04EC0-301F-11D3-BF4B-00C04F79EFBC}") = "Unity.Services.Core.Scheduler", "Unity.Services.Core.Scheduler.csproj", "{0d1839af-7482-dec5-db12-d85650f2f375}"
EndProject
Project("{FAE04EC0-301F-11D3-BF4B-00C04F79EFBC}") = "Unity.AI.Navigation", "Unity.AI.Navigation.csproj", "{6b3eb4de-48b8-fab0-7ed4-4c1b35f7c3ff}"
EndProject
Project("{FAE04EC0-301F-11D3-BF4B-00C04F79EFBC}") = "Unity.Collections.CodeGen", "Unity.Collections.CodeGen.csproj", "{5b6a4c9f-bea2-57be-62a3-8294f67212da}"
EndProject
Project("{FAE04EC0-301F-11D3-BF4B-00C04F79EFBC}") = "Unity.Services.Core.Telemetry", "Unity.Services.Core.Telemetry.csproj", "{7f38c881-ae06-3efe-eedf-1c90a1910094}"
EndProject
Project("{FAE04EC0-301F-11D3-BF4B-00C04F79EFBC}") = "Unity.Services.Core.Components", "Unity.Services.Core.Components.csproj", "{07c3ece9-8d90-3fb6-3d1e-66113f0fcd0c}"
EndProject
Project("{FAE04EC0-301F-11D3-BF4B-00C04F79EFBC}") = "Unity.Mathematics.Editor", "Unity.Mathematics.Editor.csproj", "{47c3531c-b2a8-4181-b737-5bac70fe4980}"
EndProject
Project("{FAE04EC0-301F-11D3-BF4B-00C04F79EFBC}") = "Unity.VisualScripting.SettingsProvider.Editor", "Unity.VisualScripting.SettingsProvider.Editor.csproj", "{3372edc5-31ae-bce5-d0e9-b037b17bdb6c}"
EndProject
Project("{FAE04EC0-301F-11D3-BF4B-00C04F79EFBC}") = "Unity.Barracuda.ONNX", "Unity.Barracuda.ONNX.csproj", "{d60200b8-9fac-902f-9144-e2f30d0927ec}"
EndProject
Project("{FAE04EC0-301F-11D3-BF4B-00C04F79EFBC}") = "Assembly-CSharp-Editor", "Assembly-CSharp-Editor.csproj", "{8f6ffd24-bff4-f459-09f3-2655887ecea4}"
EndProject
Project("{FAE04EC0-301F-11D3-BF4B-00C04F79EFBC}") = "Unity.Services.Core.Threading", "Unity.Services.Core.Threading.csproj", "{3e4aec0d-656d-537f-f601-1999d6c82308}"
EndProject
Project("{FAE04EC0-301F-11D3-BF4B-00C04F79EFBC}") = "Assembly-CSharp", "Assembly-CSharp.csproj", "{8f7e533d-2758-281c-c79a-0477adbae717}"
EndProject
Project("{FAE04EC0-301F-11D3-BF4B-00C04F79EFBC}") = "Unity.InputSystem.TestFramework", "Unity.InputSystem.TestFramework.csproj", "{5f220af9-9cb0-dd71-3e84-47f9a97a820a}"
EndProject
Project("{FAE04EC0-301F-11D3-BF4B-00C04F79EFBC}") = "Unity.ShaderGraph.Utilities", "Unity.ShaderGraph.Utilities.csproj", "{c78b0fc5-c19d-ee97-c1cc-41094a9fe575}"
EndProject
Project("{FAE04EC0-301F-11D3-BF4B-00C04F79EFBC}") = "Unity.VisualScripting.Shared.Editor", "Unity.VisualScripting.Shared.Editor.csproj", "{1e29973d-ceb2-7145-33f1-cbb530c8d180}"
EndProject
Project("{FAE04EC0-301F-11D3-BF4B-00C04F79EFBC}") = "Unity.Toolchain.Win-x86_64-Linux-x86_64", "Unity.Toolchain.Win-x86_64-Linux-x86_64.csproj", "{d56db9f3-1c46-3860-d603-decc33d55720}"
EndProject
Project("{FAE04EC0-301F-11D3-BF4B-00C04F79EFBC}") = "Unity.Services.Core.Device", "Unity.Services.Core.Device.csproj", "{68cd762a-96f4-bbc4-0ea6-ba0f1cd51555}"
EndProject
Project("{FAE04EC0-301F-11D3-BF4B-00C04F79EFBC}") = "Unity.Services.Core.Analytics", "Unity.Services.Core.Analytics.csproj", "{d498fa00-523e-170f-356f-b5f81f08ff1b}"
EndProject
Project("{FAE04EC0-301F-11D3-BF4B-00C04F79EFBC}") = "Unity.Barracuda.BurstBLAS", "Unity.Barracuda.BurstBLAS.csproj", "{dcf60644-c9ee-d5a2-e644-a357793f1b0e}"
EndProject
Project("{FAE04EC0-301F-11D3-BF4B-00C04F79EFBC}") = "Unity.RenderPipeline.Universal.ShaderLibrary", "Unity.RenderPipeline.Universal.ShaderLibrary.csproj", "{aad5c321-01b1-59eb-9b23-0a691ad48da3}"
EndProject
Project("{FAE04EC0-301F-11D3-BF4B-00C04F79EFBC}") = "Unity.Services.Authentication.Editor.Shared", "Unity.Services.Authentication.Editor.Shared.csproj", "{c33ec3cd-76e0-7299-f9b8-86c2372a3e43}"
EndProject
Project("{FAE04EC0-301F-11D3-BF4B-00C04F79EFBC}") = "Unity.Barracuda.Editor", "Unity.Barracuda.Editor.csproj", "{894251f5-d296-d324-8a1c-5629dce2593f}"
EndProject
Project("{FAE04EC0-301F-11D3-BF4B-00C04F79EFBC}") = "Unity.Services.Core.Registration", "Unity.Services.Core.Registration.csproj", "{2c9af52e-1f76-d987-f00f-6e67ce51c55e}"
EndProject
Project("{FAE04EC0-301F-11D3-BF4B-00C04F79EFBC}") = "Unity.SysrootPackage.Editor", "Unity.SysrootPackage.Editor.csproj", "{e3f1d867-7114-569c-8923-05d13519dc7e}"
EndProject
Project("{FAE04EC0-301F-11D3-BF4B-00C04F79EFBC}") = "Unity.Rendering.LightTransport.Editor", "Unity.Rendering.LightTransport.Editor.csproj", "{d7f82659-5e3c-85b1-13e0-59282ca1bfe5}"
EndProject
Project("{FAE04EC0-301F-11D3-BF4B-00C04F79EFBC}") = "Unity.Barracuda.iOSBLAS", "Unity.Barracuda.iOSBLAS.csproj", "{17ad99f2-1c8f-9e19-4f57-c07ccaf3ae55}"
EndProject
Project("{FAE04EC0-301F-11D3-BF4B-00C04F79EFBC}") = "Unity.InputSystem.DocCodeSamples", "Unity.InputSystem.DocCodeSamples.csproj", "{65693b28-f33c-f4f0-fd73-59ba0cdfeee6}"
EndProject
Project("{FAE04EC0-301F-11D3-BF4B-00C04F79EFBC}") = "Unity.RenderPipelines.Universal.Shaders", "Unity.RenderPipelines.Universal.Shaders.csproj", "{a8b92d84-aca9-12e7-788f-2db78b4e3b64}"
EndProject
Project("{FAE04EC0-301F-11D3-BF4B-00C04F79EFBC}") = "Unity.RenderPipelines.Core.Runtime.Shared", "Unity.RenderPipelines.Core.Runtime.Shared.csproj", "{601826b6-b770-eece-40af-3c08db6311f4}"
EndProject
Project("{FAE04EC0-301F-11D3-BF4B-00C04F79EFBC}") = "Unity.Sysroot.Linux_x86_64", "Unity.Sysroot.Linux_x86_64.csproj", "{4cd23758-e0ab-b9e9-2a11-1e570bbf7039}"
EndProject
Project("{FAE04EC0-301F-11D3-BF4B-00C04F79EFBC}") = "Unity.Services.Core.Networking", "Unity.Services.Core.Networking.csproj", "{7d7b9bae-0f6e-6fe8-4950-2aaeee392457}"
EndProject
Project("{FAE04EC0-301F-11D3-BF4B-00C04F79EFBC}") = "Unity.Barracuda.MacBLAS", "Unity.Barracuda.MacBLAS.csproj", "{e62a262e-61b7-074f-f77d-30e98054e350}"
EndProject
Project("{FAE04EC0-301F-11D3-BF4B-00C04F79EFBC}") = "Unity.Services.Core.Environments", "Unity.Services.Core.Environments.csproj", "{4724ff46-0c26-979f-64bf-596428629fb7}"
EndProject
Project("{FAE04EC0-301F-11D3-BF4B-00C04F79EFBC}") = "Unity.Collections.Editor", "Unity.Collections.Editor.csproj", "{e77d8945-b061-a379-abc7-699b2615a14d}"
EndProject
Project("{FAE04EC0-301F-11D3-BF4B-00C04F79EFBC}") = "Unity.RenderPipelines.Universal.Config.Runtime", "Unity.RenderPipelines.Universal.Config.Runtime.csproj", "{20d14cb0-90bd-32be-de92-3329a5159ca3}"
EndProject
Project("{FAE04EC0-301F-11D3-BF4B-00C04F79EFBC}") = "Unity.RenderPipelines.ShaderGraph.ShaderGraphLibrary", "Unity.RenderPipelines.ShaderGraph.ShaderGraphLibrary.csproj", "{c82452f8-6e0f-d437-892d-20112146339b}"
EndProject
Project("{FAE04EC0-301F-11D3-BF4B-00C04F79EFBC}") = "Unity.RenderPipelines.Core.ShaderLibrary", "Unity.RenderPipelines.Core.ShaderLibrary.csproj", "{18ba9161-22e0-7d6b-e702-8c79fad2fdac}"
EndProject
Project("{FAE04EC0-301F-11D3-BF4B-00C04F79EFBC}") = "Unity.RenderPipelines.Core.Editor.Shared", "Unity.RenderPipelines.Core.Editor.Shared.csproj", "{294d087a-54e9-f030-ed0d-912d4e3f22c7}"
EndProject
Project("{FAE04EC0-301F-11D3-BF4B-00C04F79EFBC}") = "Unity.Timeline", "Unity.Timeline.Player.csproj", "{a81c8dc1-f5de-4231-2fde-c9f2a60ff154}"
EndProject
Project("{FAE04EC0-301F-11D3-BF4B-00C04F79EFBC}") = "Unity.RenderPipelines.GPUDriven.Runtime", "Unity.RenderPipelines.GPUDriven.Runtime.Player.csproj", "{24b5d246-4c60-4b39-17f0-ec06da9eab60}"
EndProject
Project("{FAE04EC0-301F-11D3-BF4B-00C04F79EFBC}") = "Unity.Services.Authentication.PlayerAccounts", "Unity.Services.Authentication.PlayerAccounts.Player.csproj", "{466d68fb-ad7a-6f4b-28ff-dcb4fe93a694}"
EndProject
Project("{FAE04EC0-301F-11D3-BF4B-00C04F79EFBC}") = "Unity.Services.Core.Internal", "Unity.Services.Core.Internal.Player.csproj", "{1f67a76c-5f04-714b-c14e-63dcb11d0239}"
EndProject
Project("{FAE04EC0-301F-11D3-BF4B-00C04F79EFBC}") = "Unity.RenderPipelines.Core.Runtime", "Unity.RenderPipelines.Core.Runtime.Player.csproj", "{3cdbbebb-f34f-38da-2be6-03ad3d569d93}"
EndProject
Project("{FAE04EC0-301F-11D3-BF4B-00C04F79EFBC}") = "Unity.Mathematics", "Unity.Mathematics.Player.csproj", "{97bb6f02-a6d9-299a-9a60-53e6d23c4b42}"
EndProject
Project("{FAE04EC0-301F-11D3-BF4B-00C04F79EFBC}") = "Unity.Collections", "Unity.Collections.Player.csproj", "{8d50e6e5-d692-20e6-1467-138e7fe55241}"
EndProject
Project("{FAE04EC0-301F-11D3-BF4B-00C04F79EFBC}") = "UnityEngine.UI", "UnityEngine.UI.Player.csproj", "{869ec710-194b-0d06-99e7-9029aeb7aed9}"
EndProject
Project("{FAE04EC0-301F-11D3-BF4B-00C04F79EFBC}") = "Unity.RenderPipelines.Universal.2D.Runtime", "Unity.RenderPipelines.Universal.2D.Runtime.Player.csproj", "{b24919da-24b3-2c44-5a42-ef32a58cbdd8}"
EndProject
Project("{FAE04EC0-301F-11D3-BF4B-00C04F79EFBC}") = "UnityEngine.TestRunner", "UnityEngine.TestRunner.Player.csproj", "{59026938-dc55-d828-4785-b0d4b2330e0c}"
EndProject
Project("{FAE04EC0-301F-11D3-BF4B-00C04F79EFBC}") = "Unity.Burst", "Unity.Burst.Player.csproj", "{f099fb2c-b93e-0763-b576-bac640d12ff3}"
EndProject
Project("{FAE04EC0-301F-11D3-BF4B-00C04F79EFBC}") = "Unity.Services.Authentication", "Unity.Services.Authentication.Player.csproj", "{0baaa449-5d17-71b8-7ec4-5c0c08957a35}"
EndProject
Project("{FAE04EC0-301F-11D3-BF4B-00C04F79EFBC}") = "Unity.InputSystem", "Unity.InputSystem.Player.csproj", "{48c2209f-29f7-1293-12ea-c3c143b0ca95}"
EndProject
Project("{FAE04EC0-301F-11D3-BF4B-00C04F79EFBC}") = "Unity.ML-Agents", "Unity.ML-Agents.Player.csproj", "{6e46edf9-83e3-4867-5d8d-f6432eba1c86}"
EndProject
Project("{FAE04EC0-301F-11D3-BF4B-00C04F79EFBC}") = "Unity.ML-Agents.CommunicatorObjects", "Unity.ML-Agents.CommunicatorObjects.Player.csproj", "{e1051234-d870-08b4-4639-723bfa1cbc26}"
EndProject
Project("{FAE04EC0-301F-11D3-BF4B-00C04F79EFBC}") = "Unity.VisualScripting.Core", "Unity.VisualScripting.Core.Player.csproj", "{85265f0c-ed22-5f8c-d3ff-e86f5cc060c4}"
EndProject
Project("{FAE04EC0-301F-11D3-BF4B-00C04F79EFBC}") = "Unity.RenderPipelines.Universal.Runtime", "Unity.RenderPipelines.Universal.Runtime.Player.csproj", "{f90588d5-4a10-b3cd-299c-4d60e56b08da}"
EndProject
Project("{FAE04EC0-301F-11D3-BF4B-00C04F79EFBC}") = "Unity.Barracuda", "Unity.Barracuda.Player.csproj", "{7f378553-24c0-4aa6-c4c7-846ff284bc1c}"
EndProject
Project("{FAE04EC0-301F-11D3-BF4B-00C04F79EFBC}") = "Unity.Services.Core", "Unity.Services.Core.Player.csproj", "{1823aacc-9366-00a2-084f-6b08db432c3d}"
EndProject
Project("{FAE04EC0-301F-11D3-BF4B-00C04F79EFBC}") = "Unity.VisualScripting.Flow", "Unity.VisualScripting.Flow.Player.csproj", "{13c1147e-8801-d521-629e-bd62e583eed1}"
EndProject
Project("{FAE04EC0-301F-11D3-BF4B-00C04F79EFBC}") = "Unity.PerformanceTesting", "Unity.PerformanceTesting.Player.csproj", "{b76d1f8b-a751-000b-eda2-c19c6c0061b4}"
EndProject
Project("{FAE04EC0-301F-11D3-BF4B-00C04F79EFBC}") = "Unity.TextMeshPro", "Unity.TextMeshPro.Player.csproj", "{adbca9bc-81f2-c138-63ce-e174914dbd76}"
EndProject
Project("{FAE04EC0-301F-11D3-BF4B-00C04F79EFBC}") = "Unity.Rendering.LightTransport.Runtime", "Unity.Rendering.LightTransport.Runtime.Player.csproj", "{ab15c1a8-013a-cda9-66cc-36096e59bb2d}"
EndProject
Project("{FAE04EC0-301F-11D3-BF4B-00C04F79EFBC}") = "Unity.VisualScripting.State", "Unity.VisualScripting.State.Player.csproj", "{20a68532-39b3-6182-9059-be7846574250}"
EndProject
Project("{FAE04EC0-301F-11D3-BF4B-00C04F79EFBC}") = "Unity.Services.Core.Configuration", "Unity.Services.Core.Configuration.Player.csproj", "{58a47e9c-200c-ec3f-bee1-68d668956988}"
EndProject
Project("{FAE04EC0-301F-11D3-BF4B-00C04F79EFBC}") = "Unity.Multiplayer.Center.Common", "Unity.Multiplayer.Center.Common.Player.csproj", "{cdde7287-ed1c-5633-c7c1-f2da7007a705}"
EndProject
Project("{FAE04EC0-301F-11D3-BF4B-00C04F79EFBC}") = "Unity.Services.Core.Environments.Internal", "Unity.Services.Core.Environments.Internal.Player.csproj", "{1d061941-171a-efce-a972-2491124a48c9}"
EndProject
Project("{FAE04EC0-301F-11D3-BF4B-00C04F79EFBC}") = "Unity.InputSystem.ForUI", "Unity.InputSystem.ForUI.Player.csproj", "{8b410b1c-5ee2-6183-a36b-0c5db5f26751}"
EndProject
Project("{FAE04EC0-301F-11D3-BF4B-00C04F79EFBC}") = "Unity.Services.Core.Scheduler", "Unity.Services.Core.Scheduler.Player.csproj", "{11bddb4e-178f-bacd-85d4-57f7ac3baec2}"
EndProject
Project("{FAE04EC0-301F-11D3-BF4B-00C04F79EFBC}") = "Unity.AI.Navigation", "Unity.AI.Navigation.Player.csproj", "{de42fc8a-5558-bbbc-93de-50f60d8b7867}"
EndProject
Project("{FAE04EC0-301F-11D3-BF4B-00C04F79EFBC}") = "Unity.Services.Core.Telemetry", "Unity.Services.Core.Telemetry.Player.csproj", "{bd3b84a8-ca5e-9167-77dd-fca5d972bd84}"
EndProject
Project("{FAE04EC0-301F-11D3-BF4B-00C04F79EFBC}") = "Unity.Services.Core.Components", "Unity.Services.Core.Components.Player.csproj", "{00e1337a-3a1f-bc16-fd3d-c24512216614}"
EndProject
Project("{FAE04EC0-301F-11D3-BF4B-00C04F79EFBC}") = "Unity.Barracuda.ONNX", "Unity.Barracuda.ONNX.Player.csproj", "{d8381a51-7513-7e3f-823f-c618e251333f}"
EndProject
Project("{FAE04EC0-301F-11D3-BF4B-00C04F79EFBC}") = "Unity.Services.Core.Threading", "Unity.Services.Core.Threading.Player.csproj", "{6aed2689-debf-a613-0f6a-ddc24e2b87b8}"
EndProject
Project("{FAE04EC0-301F-11D3-BF4B-00C04F79EFBC}") = "Assembly-CSharp", "Assembly-CSharp.Player.csproj", "{90759e70-b02c-27f6-2cd8-518a3e89da23}"
EndProject
Project("{FAE04EC0-301F-11D3-BF4B-00C04F79EFBC}") = "Unity.InputSystem.TestFramework", "Unity.InputSystem.TestFramework.Player.csproj", "{fac84eba-e8eb-89bb-f121-c42a4cf1bb59}"
EndProject
Project("{FAE04EC0-301F-11D3-BF4B-00C04F79EFBC}") = "Unity.Services.Core.Device", "Unity.Services.Core.Device.Player.csproj", "{1a570efb-c427-8bc4-1d0c-16a69a1763b1}"
EndProject
Project("{FAE04EC0-301F-11D3-BF4B-00C04F79EFBC}") = "Unity.Services.Core.Analytics", "Unity.Services.Core.Analytics.Player.csproj", "{2251c187-0b1c-bf97-71b1-68dd0b74e0b5}"
EndProject
Project("{FAE04EC0-301F-11D3-BF4B-00C04F79EFBC}") = "Unity.Barracuda.BurstBLAS", "Unity.Barracuda.BurstBLAS.Player.csproj", "{279a4e92-c1ab-2d4a-8bdd-52837521a08f}"
EndProject
Project("{FAE04EC0-301F-11D3-BF4B-00C04F79EFBC}") = "Unity.RenderPipeline.Universal.ShaderLibrary", "Unity.RenderPipeline.Universal.ShaderLibrary.Player.csproj", "{2088eccf-b3c4-cf1b-998c-d3a1d9d4e9d7}"
EndProject
Project("{FAE04EC0-301F-11D3-BF4B-00C04F79EFBC}") = "Unity.Services.Core.Registration", "Unity.Services.Core.Registration.Player.csproj", "{a1463e3e-91ad-d618-cbc5-55c4abc19bc1}"
EndProject
Project("{FAE04EC0-301F-11D3-BF4B-00C04F79EFBC}") = "Unity.RenderPipelines.Universal.Shaders", "Unity.RenderPipelines.Universal.Shaders.Player.csproj", "{f8f00fea-ddcd-7e70-03e8-1c4ac40951d7}"
EndProject
Project("{FAE04EC0-301F-11D3-BF4B-00C04F79EFBC}") = "Unity.RenderPipelines.Core.Runtime.Shared", "Unity.RenderPipelines.Core.Runtime.Shared.Player.csproj", "{330d217f-748f-8364-1abb-84e31bad86f7}"
EndProject
Project("{FAE04EC0-301F-11D3-BF4B-00C04F79EFBC}") = "Unity.Services.Core.Networking", "Unity.Services.Core.Networking.Player.csproj", "{a1ab38e3-9998-a947-987e-8c8536eda1ee}"
EndProject
Project("{FAE04EC0-301F-11D3-BF4B-00C04F79EFBC}") = "Unity.Services.Core.Environments", "Unity.Services.Core.Environments.Player.csproj", "{be829895-60fe-b967-4238-8cb4327c2808}"
EndProject
Project("{FAE04EC0-301F-11D3-BF4B-00C04F79EFBC}") = "Unity.RenderPipelines.Universal.Config.Runtime", "Unity.RenderPipelines.Universal.Config.Runtime.Player.csproj", "{92287acb-10ab-4586-3e30-b34e6c5ceb95}"
EndProject
Project("{FAE04EC0-301F-11D3-BF4B-00C04F79EFBC}") = "Unity.RenderPipelines.ShaderGraph.ShaderGraphLibrary", "Unity.RenderPipelines.ShaderGraph.ShaderGraphLibrary.Player.csproj", "{2d5722df-aa11-ccfd-063d-a9330a7cc052}"
EndProject
Project("{FAE04EC0-301F-11D3-BF4B-00C04F79EFBC}") = "Unity.RenderPipelines.Core.ShaderLibrary", "Unity.RenderPipelines.Core.ShaderLibrary.Player.csproj", "{58dc695a-83ba-d5c8-097a-88b6f4e564e5}"
EndProject
Project("{FAE04EC0-301F-11D3-BF4B-00C04F79EFBC}") = "TestNewCustomAssembly", "TestNewCustomAssembly.csproj", "{a7983290-e315-8130-06f6-74def771793d}"
EndProject
Project("{FAE04EC0-301F-11D3-BF4B-00C04F79EFBC}") = "Unity.AI.Navigation.Tests.EditorInPlaymode", "Unity.AI.Navigation.Tests.EditorInPlaymode.csproj", "{da89b5a7-ffe7-d4b1-80ba-fbe9e1812952}"
EndProject
Project("{FAE04EC0-301F-11D3-BF4B-00C04F79EFBC}") = "Unity.Mathematics.Tests", "Unity.Mathematics.Tests.csproj", "{10f33edc-8b51-f3b7-8796-2184bb577b41}"
EndProject
Project("{FAE04EC0-301F-11D3-BF4B-00C04F79EFBC}") = "Unity.Services.Authentication.Server.Tests", "Unity.Services.Authentication.Server.Tests.csproj", "{290abb57-8d47-e5ee-05cf-f17106b168f9}"
EndProject
Project("{FAE04EC0-301F-11D3-BF4B-00C04F79EFBC}") = "Unity.RenderPipelines.Core.Editor.Tests", "Unity.RenderPipelines.Core.Editor.Tests.csproj", "{4072bdb0-d980-36fd-61b9-d2debf0e0741}"
EndProject
Project("{FAE04EC0-301F-11D3-BF4B-00C04F79EFBC}") = "Unity.RenderPipelines.Universal.Config.Editor.Tests", "Unity.RenderPipelines.Universal.Config.Editor.Tests.csproj", "{5ec531a0-bc7a-55af-dcb9-748c826d943e}"
EndProject
Project("{FAE04EC0-301F-11D3-BF4B-00C04F79EFBC}") = "Unity.ML-Agents.Runtime.Sensor.Tests", "Unity.ML-Agents.Runtime.Sensor.Tests.csproj", "{fb8d2864-8ba2-26d3-29bb-e4b0ba40db99}"
EndProject
Project("{FAE04EC0-301F-11D3-BF4B-00C04F79EFBC}") = "Unity.RenderPipelines.Universal.Editor.Tests", "Unity.RenderPipelines.Universal.Editor.Tests.csproj", "{fa691480-bb32-310d-6f3b-1c7f038dc4d7}"
EndProject
Project("{FAE04EC0-301F-11D3-BF4B-00C04F79EFBC}") = "Unity.Collections.DocCodeSamples", "Unity.Collections.DocCodeSamples.csproj", "{687411c1-4af7-865a-4c1c-73fcc92f24e7}"
EndProject
Project("{FAE04EC0-301F-11D3-BF4B-00C04F79EFBC}") = "Unity.Services.Authentication.Server", "Unity.Services.Authentication.Server.csproj", "{a3b4635d-06f6-42ff-f725-ebc5b46cbb3f}"
EndProject
Project("{FAE04EC0-301F-11D3-BF4B-00C04F79EFBC}") = "Unity.ML-Agents.Runtime.Tests", "Unity.ML-Agents.Runtime.Tests.csproj", "{3a5e773b-5ceb-508f-f51a-40febc3d7125}"
EndProject
Project("{FAE04EC0-301F-11D3-BF4B-00C04F79EFBC}") = "Unity.Searcher.EditorTests", "Unity.Searcher.EditorTests.csproj", "{44f5945f-de21-91a0-d5ba-eb00dc678b20}"
EndProject
Project("{FAE04EC0-301F-11D3-BF4B-00C04F79EFBC}") = "Unity.Services.Authentication.PlayerAccounts.Tests", "Unity.Services.Authentication.PlayerAccounts.Tests.csproj", "{97432fed-4fb3-70a2-78b6-c61e3970fdaa}"
EndProject
Project("{FAE04EC0-301F-11D3-BF4B-00C04F79EFBC}") = "Unity.Collections.PerformanceTests", "Unity.Collections.PerformanceTests.csproj", "{924f39d2-3f63-2352-0424-3933458a96e9}"
EndProject
Project("{FAE04EC0-301F-11D3-BF4B-00C04F79EFBC}") = "Unity.AI.Navigation.Tests", "Unity.AI.Navigation.Tests.csproj", "{558567ce-f833-acf4-869d-e52b6471d7e3}"
EndProject
Project("{FAE04EC0-301F-11D3-BF4B-00C04F79EFBC}") = "Unity.TextMeshPro.Editor.Tests", "Unity.TextMeshPro.Editor.Tests.csproj", "{80983009-5be1-07dc-53e6-9712bd1fe3e8}"
EndProject
Project("{FAE04EC0-301F-11D3-BF4B-00C04F79EFBC}") = "DocCodeExamples", "DocCodeExamples.csproj", "{1dedee27-24c1-94b8-d66f-3005285ecd3a}"
EndProject
Project("{FAE04EC0-301F-11D3-BF4B-00C04F79EFBC}") = "Unity.LightTransport.Editor.Tests", "Unity.LightTransport.Editor.Tests.csproj", "{d05af873-0da8-32ad-036f-1f735b5a4fce}"
EndProject
Project("{FAE04EC0-301F-11D3-BF4B-00C04F79EFBC}") = "Unity.Multiplayer.Center.Tests", "Unity.Multiplayer.Center.Tests.csproj", "{061c5306-5fd6-1895-823e-ed2b407a9d49}"
EndProject
Project("{FAE04EC0-301F-11D3-BF4B-00C04F79EFBC}") = "Unity.Barracuda.Editor.Tests", "Unity.Barracuda.Editor.Tests.csproj", "{f4be3763-48cc-c8af-2a27-eb0080615630}"
EndProject
Project("{FAE04EC0-301F-11D3-BF4B-00C04F79EFBC}") = "Unity.Collections.Tests", "Unity.Collections.Tests.csproj", "{33897361-0119-96bd-f54b-c4d2164af474}"
EndProject
Project("{FAE04EC0-301F-11D3-BF4B-00C04F79EFBC}") = "Unity.ML-Agents.Editor.Tests", "Unity.ML-Agents.Editor.Tests.csproj", "{3e858841-e6c8-f32c-f3a7-cf48b3543a78}"
EndProject
Project("{FAE04EC0-301F-11D3-BF4B-00C04F79EFBC}") = "Unity.RenderPipelines.Core.Runtime.Tests", "Unity.RenderPipelines.Core.Runtime.Tests.csproj", "{097d7273-177f-67f8-414d-be84a9e631df}"
EndProject
Project("{FAE04EC0-301F-11D3-BF4B-00C04F79EFBC}") = "Unity.ML-Agents.Editor.Tests.PublicAPI", "Unity.ML-Agents.Editor.Tests.PublicAPI.csproj", "{c3f2fdfc-0805-e441-d81e-cb562fd36cc0}"
EndProject
Project("{FAE04EC0-301F-11D3-BF4B-00C04F79EFBC}") = "Unity.AI.Navigation.LegacyOffMeshLink.Tests", "Unity.AI.Navigation.LegacyOffMeshLink.Tests.csproj", "{2d73c4ae-ce79-a32b-c82b-e4412b2687f8}"
EndProject
Project("{FAE04EC0-301F-11D3-BF4B-00C04F79EFBC}") = "Unity.Multiplayer.Center.Editor.Tests", "Unity.Multiplayer.Center.Editor.Tests.csproj", "{bec235aa-f470-8f75-a482-9c6e0b8958b4}"
EndProject
Project("{FAE04EC0-301F-11D3-BF4B-00C04F79EFBC}") = "Unity.Services.Authentication.PlayerAccounts.EditorTests", "Unity.Services.Authentication.PlayerAccounts.EditorTests.csproj", "{9d75bc64-11ef-76c3-3686-bc609f8027f9}"
EndProject
Project("{FAE04EC0-301F-11D3-BF4B-00C04F79EFBC}") = "Unity.AI.Navigation.Editor.Tests", "Unity.AI.Navigation.Editor.Tests.csproj", "{b0282946-8bdd-09ba-e303-536a31f1c735}"
EndProject
Project("{FAE04EC0-301F-11D3-BF4B-00C04F79EFBC}") = "UnityEngine.UI.Tests", "UnityEngine.UI.Tests.csproj", "{7315feb3-77a5-f00f-ecc4-4ec34ae4d952}"
EndProject
Project("{FAE04EC0-301F-11D3-BF4B-00C04F79EFBC}") = "Unity.Sysroot.Linux_x86_64.EditorTests", "Unity.Sysroot.Linux_x86_64.EditorTests.csproj", "{27d5aaa1-e439-07bd-0ac4-8458b3fb1705}"
EndProject
Project("{FAE04EC0-301F-11D3-BF4B-00C04F79EFBC}") = "Unity.InputSystem.IntegrationTests", "Unity.InputSystem.IntegrationTests.csproj", "{870e1ae3-9980-6667-e5b1-7830c35a73f4}"
EndProject
Project("{FAE04EC0-301F-11D3-BF4B-00C04F79EFBC}") = "Unity.Collections.Tests.Playmode", "Unity.Collections.Tests.Playmode.csproj", "{71d192b3-e771-f3a3-4dd8-7d8c175b3a9d}"
EndProject
Project("{FAE04EC0-301F-11D3-BF4B-00C04F79EFBC}") = "Unity.Nuget.Mono-Cecil", "Unity.Nuget.Mono-Cecil.csproj", "{b8958e8a-7b8b-b034-79ad-7a20e4887051}"
EndProject
Project("{FAE04EC0-301F-11D3-BF4B-00C04F79EFBC}") = "Unity.ML-Agents.Runtime.Utils.Tests", "Unity.ML-Agents.Runtime.Utils.Tests.csproj", "{6cdf4f43-ea98-41ce-91c1-0f19f89ef97b}"
EndProject
Project("{FAE04EC0-301F-11D3-BF4B-00C04F79EFBC}") = "Unity.Sysroot.EditorTests", "Unity.Sysroot.EditorTests.csproj", "{4933fa0b-bfd6-fe5a-26ef-bc82762bc81e}"
EndProject
Project("{FAE04EC0-301F-11D3-BF4B-00C04F79EFBC}") = "Unity.TextMeshPro.Tests", "Unity.TextMeshPro.Tests.csproj", "{e0883f90-de4f-aec7-0915-ae060c172c83}"
EndProject
Project("{FAE04EC0-301F-11D3-BF4B-00C04F79EFBC}") = "UnityEditor.UI.EditorTests", "UnityEditor.UI.EditorTests.csproj", "{19aa3490-0555-583a-918f-5aaff0d2388b}"
EndProject
Project("{FAE04EC0-301F-11D3-BF4B-00C04F79EFBC}") = "Unity.RenderPipelines.Universal.Runtime.Tests", "Unity.RenderPipelines.Universal.Runtime.Tests.csproj", "{1c1223c9-2814-102d-0dd7-c7ea0e39a465}"
EndProject
Project("{FAE04EC0-301F-11D3-BF4B-00C04F79EFBC}") = "Unity.Toolchain.Win-x86_64-Linux-x86_64.EditorTests", "Unity.Toolchain.Win-x86_64-Linux-x86_64.EditorTests.csproj", "{c71ebc67-a404-dc29-eafb-05f2d133988d}"
EndProject
Project("{FAE04EC0-301F-11D3-BF4B-00C04F79EFBC}") = "Unity.Collections.BurstCompatibilityGen", "Unity.Collections.BurstCompatibilityGen.csproj", "{c8cdbcf8-46df-f4f1-5d58-1da6cbb04015}"
EndProject
Project("{FAE04EC0-301F-11D3-BF4B-00C04F79EFBC}") = "Unity.ShaderGraph.Editor.Tests", "Unity.ShaderGraph.Editor.Tests.csproj", "{00fce65d-2b88-5755-b9c6-657c26af1d36}"
EndProject
Global
	GlobalSection(SolutionConfigurationPlatforms) = preSolution
		Debug|Any CPU = Debug|Any CPU
	EndGlobalSection
	GlobalSection(ProjectConfigurationPlatforms) = postSolution
		{0ed96a07-b8ee-9d43-e8a5-e8e73e1dd845}.Debug|Any CPU.ActiveCfg = Debug|Any CPU
		{0ed96a07-b8ee-9d43-e8a5-e8e73e1dd845}.Debug|Any CPU.Build.0 = Debug|Any CPU
		{a9a40ec9-2e4b-b581-c3ab-c0815a3119fa}.Debug|Any CPU.ActiveCfg = Debug|Any CPU
		{a9a40ec9-2e4b-b581-c3ab-c0815a3119fa}.Debug|Any CPU.Build.0 = Debug|Any CPU
		{6eee2c4e-c6b5-d56b-2f1a-c0d0a2561699}.Debug|Any CPU.ActiveCfg = Debug|Any CPU
		{6eee2c4e-c6b5-d56b-2f1a-c0d0a2561699}.Debug|Any CPU.Build.0 = Debug|Any CPU
		{1017b488-8e3d-520f-c29d-f4fe849e63eb}.Debug|Any CPU.ActiveCfg = Debug|Any CPU
		{1017b488-8e3d-520f-c29d-f4fe849e63eb}.Debug|Any CPU.Build.0 = Debug|Any CPU
		{12bc7327-29a4-e331-1280-1cd894ed6b44}.Debug|Any CPU.ActiveCfg = Debug|Any CPU
		{12bc7327-29a4-e331-1280-1cd894ed6b44}.Debug|Any CPU.Build.0 = Debug|Any CPU
		{1141365a-0b60-7044-7faf-c4e176aa6c70}.Debug|Any CPU.ActiveCfg = Debug|Any CPU
		{1141365a-0b60-7044-7faf-c4e176aa6c70}.Debug|Any CPU.Build.0 = Debug|Any CPU
		{b7f1601a-9981-7d70-27d7-cf567f0b7555}.Debug|Any CPU.ActiveCfg = Debug|Any CPU
		{b7f1601a-9981-7d70-27d7-cf567f0b7555}.Debug|Any CPU.Build.0 = Debug|Any CPU
		{acf6d1b3-b7ef-c23b-e709-bc80f7aecd89}.Debug|Any CPU.ActiveCfg = Debug|Any CPU
		{acf6d1b3-b7ef-c23b-e709-bc80f7aecd89}.Debug|Any CPU.Build.0 = Debug|Any CPU
		{056f9ef8-0769-e6ce-2aab-fb858cd73885}.Debug|Any CPU.ActiveCfg = Debug|Any CPU
		{056f9ef8-0769-e6ce-2aab-fb858cd73885}.Debug|Any CPU.Build.0 = Debug|Any CPU
		{1416ff4b-618d-cfb7-53a0-b5e8ce90ed72}.Debug|Any CPU.ActiveCfg = Debug|Any CPU
		{1416ff4b-618d-cfb7-53a0-b5e8ce90ed72}.Debug|Any CPU.Build.0 = Debug|Any CPU
		{1504b9be-3d2b-10e2-323a-e77e8a4a3863}.Debug|Any CPU.ActiveCfg = Debug|Any CPU
		{1504b9be-3d2b-10e2-323a-e77e8a4a3863}.Debug|Any CPU.Build.0 = Debug|Any CPU
		{34018b36-b4d0-aa73-9046-904c7ab63310}.Debug|Any CPU.ActiveCfg = Debug|Any CPU
		{34018b36-b4d0-aa73-9046-904c7ab63310}.Debug|Any CPU.Build.0 = Debug|Any CPU
		{dd03b34c-6aea-de9c-fe35-4230d00c662b}.Debug|Any CPU.ActiveCfg = Debug|Any CPU
		{dd03b34c-6aea-de9c-fe35-4230d00c662b}.Debug|Any CPU.Build.0 = Debug|Any CPU
		{0da19499-c1be-6a22-a27a-dcd9dfdc0a7b}.Debug|Any CPU.ActiveCfg = Debug|Any CPU
		{0da19499-c1be-6a22-a27a-dcd9dfdc0a7b}.Debug|Any CPU.Build.0 = Debug|Any CPU
		{10ad68d5-d0ba-3877-072f-09ebcd958445}.Debug|Any CPU.ActiveCfg = Debug|Any CPU
		{10ad68d5-d0ba-3877-072f-09ebcd958445}.Debug|Any CPU.Build.0 = Debug|Any CPU
		{c62ba27d-94f4-d74f-f71d-ed24166e92de}.Debug|Any CPU.ActiveCfg = Debug|Any CPU
		{c62ba27d-94f4-d74f-f71d-ed24166e92de}.Debug|Any CPU.Build.0 = Debug|Any CPU
		{2a812eae-c2a4-1ade-0eb9-9f394f2b1798}.Debug|Any CPU.ActiveCfg = Debug|Any CPU
		{2a812eae-c2a4-1ade-0eb9-9f394f2b1798}.Debug|Any CPU.Build.0 = Debug|Any CPU
		{f2c9db39-e8f1-60a0-695b-8564de21b084}.Debug|Any CPU.ActiveCfg = Debug|Any CPU
		{f2c9db39-e8f1-60a0-695b-8564de21b084}.Debug|Any CPU.Build.0 = Debug|Any CPU
		{0ef5186e-dd01-cc04-988a-11678c9127df}.Debug|Any CPU.ActiveCfg = Debug|Any CPU
		{0ef5186e-dd01-cc04-988a-11678c9127df}.Debug|Any CPU.Build.0 = Debug|Any CPU
		{a900d038-45de-3224-1892-b242ebf12db2}.Debug|Any CPU.ActiveCfg = Debug|Any CPU
		{a900d038-45de-3224-1892-b242ebf12db2}.Debug|Any CPU.Build.0 = Debug|Any CPU
		{f6c2f04b-25fb-b295-c0ab-f619d933466e}.Debug|Any CPU.ActiveCfg = Debug|Any CPU
		{f6c2f04b-25fb-b295-c0ab-f619d933466e}.Debug|Any CPU.Build.0 = Debug|Any CPU
		{ba9e5a84-70b7-f533-23e0-ce35fbc34844}.Debug|Any CPU.ActiveCfg = Debug|Any CPU
		{ba9e5a84-70b7-f533-23e0-ce35fbc34844}.Debug|Any CPU.Build.0 = Debug|Any CPU
		{015d7ac9-6497-d440-99aa-e258cff12aaa}.Debug|Any CPU.ActiveCfg = Debug|Any CPU
		{015d7ac9-6497-d440-99aa-e258cff12aaa}.Debug|Any CPU.Build.0 = Debug|Any CPU
		{705f02b1-8b70-477e-a59b-88c1093b98bc}.Debug|Any CPU.ActiveCfg = Debug|Any CPU
		{705f02b1-8b70-477e-a59b-88c1093b98bc}.Debug|Any CPU.Build.0 = Debug|Any CPU
		{982cdacd-2048-dfe0-1c86-efb8de07f2c6}.Debug|Any CPU.ActiveCfg = Debug|Any CPU
		{982cdacd-2048-dfe0-1c86-efb8de07f2c6}.Debug|Any CPU.Build.0 = Debug|Any CPU
		{d2616b67-95fa-16d9-6173-453f32d57760}.Debug|Any CPU.ActiveCfg = Debug|Any CPU
		{d2616b67-95fa-16d9-6173-453f32d57760}.Debug|Any CPU.Build.0 = Debug|Any CPU
		{23f2ae61-8e0a-799b-b14e-ad972661bdf8}.Debug|Any CPU.ActiveCfg = Debug|Any CPU
		{23f2ae61-8e0a-799b-b14e-ad972661bdf8}.Debug|Any CPU.Build.0 = Debug|Any CPU
		{5e10d7e1-4692-1812-5f49-22e9a8472404}.Debug|Any CPU.ActiveCfg = Debug|Any CPU
		{5e10d7e1-4692-1812-5f49-22e9a8472404}.Debug|Any CPU.Build.0 = Debug|Any CPU
		{bef2e32f-f74b-5ec3-cede-c0ba23efb6af}.Debug|Any CPU.ActiveCfg = Debug|Any CPU
		{bef2e32f-f74b-5ec3-cede-c0ba23efb6af}.Debug|Any CPU.Build.0 = Debug|Any CPU
		{fc08e6aa-e05d-ea2e-30ec-c4a09e7a5c20}.Debug|Any CPU.ActiveCfg = Debug|Any CPU
		{fc08e6aa-e05d-ea2e-30ec-c4a09e7a5c20}.Debug|Any CPU.Build.0 = Debug|Any CPU
		{8b95f68a-aec7-e1f8-dc45-260750eb60eb}.Debug|Any CPU.ActiveCfg = Debug|Any CPU
		{8b95f68a-aec7-e1f8-dc45-260750eb60eb}.Debug|Any CPU.Build.0 = Debug|Any CPU
		{cb630514-a599-824c-1441-a8cf1905ff71}.Debug|Any CPU.ActiveCfg = Debug|Any CPU
		{cb630514-a599-824c-1441-a8cf1905ff71}.Debug|Any CPU.Build.0 = Debug|Any CPU
		{de951872-0569-4391-3e8e-bd22e4a6c74d}.Debug|Any CPU.ActiveCfg = Debug|Any CPU
		{de951872-0569-4391-3e8e-bd22e4a6c74d}.Debug|Any CPU.Build.0 = Debug|Any CPU
		{079b2745-f755-b105-383b-d2af2ca0f4bf}.Debug|Any CPU.ActiveCfg = Debug|Any CPU
		{079b2745-f755-b105-383b-d2af2ca0f4bf}.Debug|Any CPU.Build.0 = Debug|Any CPU
		{889a5019-8f6c-c952-e9a9-1ff47933c673}.Debug|Any CPU.ActiveCfg = Debug|Any CPU
		{889a5019-8f6c-c952-e9a9-1ff47933c673}.Debug|Any CPU.Build.0 = Debug|Any CPU
		{8f31cc46-a736-b7fb-215a-705039fe2ec0}.Debug|Any CPU.ActiveCfg = Debug|Any CPU
		{8f31cc46-a736-b7fb-215a-705039fe2ec0}.Debug|Any CPU.Build.0 = Debug|Any CPU
		{ae077ba5-03f9-f268-0927-9fbca785c089}.Debug|Any CPU.ActiveCfg = Debug|Any CPU
		{ae077ba5-03f9-f268-0927-9fbca785c089}.Debug|Any CPU.Build.0 = Debug|Any CPU
		{b09bc758-0fc7-1ffe-4121-f03515bd5b44}.Debug|Any CPU.ActiveCfg = Debug|Any CPU
		{b09bc758-0fc7-1ffe-4121-f03515bd5b44}.Debug|Any CPU.Build.0 = Debug|Any CPU
		{2ef99ca7-234c-40ad-bbab-485844c6a974}.Debug|Any CPU.ActiveCfg = Debug|Any CPU
		{2ef99ca7-234c-40ad-bbab-485844c6a974}.Debug|Any CPU.Build.0 = Debug|Any CPU
		{f8263042-8418-3d21-8f24-9ef0b31ccfee}.Debug|Any CPU.ActiveCfg = Debug|Any CPU
		{f8263042-8418-3d21-8f24-9ef0b31ccfee}.Debug|Any CPU.Build.0 = Debug|Any CPU
		{35c464cb-0243-21d2-7d34-1e18e88c9268}.Debug|Any CPU.ActiveCfg = Debug|Any CPU
		{35c464cb-0243-21d2-7d34-1e18e88c9268}.Debug|Any CPU.Build.0 = Debug|Any CPU
		{d567ad4e-8580-8e20-a3a4-18d11d3be4e9}.Debug|Any CPU.ActiveCfg = Debug|Any CPU
		{d567ad4e-8580-8e20-a3a4-18d11d3be4e9}.Debug|Any CPU.Build.0 = Debug|Any CPU
		{0d17a5d6-b9e2-07a4-0378-169fc2d42534}.Debug|Any CPU.ActiveCfg = Debug|Any CPU
		{0d17a5d6-b9e2-07a4-0378-169fc2d42534}.Debug|Any CPU.Build.0 = Debug|Any CPU
		{e92c9d69-7423-c2ca-9b8a-8e02dc9742df}.Debug|Any CPU.ActiveCfg = Debug|Any CPU
		{e92c9d69-7423-c2ca-9b8a-8e02dc9742df}.Debug|Any CPU.Build.0 = Debug|Any CPU
		{0853f1ce-4d32-fdd0-41b2-860dfc94a3d3}.Debug|Any CPU.ActiveCfg = Debug|Any CPU
		{0853f1ce-4d32-fdd0-41b2-860dfc94a3d3}.Debug|Any CPU.Build.0 = Debug|Any CPU
		{c24212b5-2d8c-e37a-3978-536064434832}.Debug|Any CPU.ActiveCfg = Debug|Any CPU
		{c24212b5-2d8c-e37a-3978-536064434832}.Debug|Any CPU.Build.0 = Debug|Any CPU
		{9c0d470a-91f3-e084-f5e5-162d400c96e7}.Debug|Any CPU.ActiveCfg = Debug|Any CPU
		{9c0d470a-91f3-e084-f5e5-162d400c96e7}.Debug|Any CPU.Build.0 = Debug|Any CPU
		{d72936c4-b15d-69e5-fd36-ad7e229aa411}.Debug|Any CPU.ActiveCfg = Debug|Any CPU
		{d72936c4-b15d-69e5-fd36-ad7e229aa411}.Debug|Any CPU.Build.0 = Debug|Any CPU
		{49277037-a8c5-63e5-5b1d-b034e87ecf1c}.Debug|Any CPU.ActiveCfg = Debug|Any CPU
		{49277037-a8c5-63e5-5b1d-b034e87ecf1c}.Debug|Any CPU.Build.0 = Debug|Any CPU
		{7251ed18-10c8-deee-3038-bf1b59398373}.Debug|Any CPU.ActiveCfg = Debug|Any CPU
		{7251ed18-10c8-deee-3038-bf1b59398373}.Debug|Any CPU.Build.0 = Debug|Any CPU
		{2bd98fcd-42aa-7618-deac-51d126059b59}.Debug|Any CPU.ActiveCfg = Debug|Any CPU
		{2bd98fcd-42aa-7618-deac-51d126059b59}.Debug|Any CPU.Build.0 = Debug|Any CPU
		{b98da0c5-a872-8e62-075c-1c2e7532ff62}.Debug|Any CPU.ActiveCfg = Debug|Any CPU
		{b98da0c5-a872-8e62-075c-1c2e7532ff62}.Debug|Any CPU.Build.0 = Debug|Any CPU
		{0bd0eb3b-6033-a7fc-44b0-30c762333068}.Debug|Any CPU.ActiveCfg = Debug|Any CPU
		{0bd0eb3b-6033-a7fc-44b0-30c762333068}.Debug|Any CPU.Build.0 = Debug|Any CPU
		{63757be6-865d-8a7b-e058-5196730b082b}.Debug|Any CPU.ActiveCfg = Debug|Any CPU
		{63757be6-865d-8a7b-e058-5196730b082b}.Debug|Any CPU.Build.0 = Debug|Any CPU
		{108ce52a-3bf5-a3db-140e-98e79cf15e78}.Debug|Any CPU.ActiveCfg = Debug|Any CPU
		{108ce52a-3bf5-a3db-140e-98e79cf15e78}.Debug|Any CPU.Build.0 = Debug|Any CPU
		{a6291dc9-b50f-5e02-7092-d44bfcf56c4b}.Debug|Any CPU.ActiveCfg = Debug|Any CPU
		{a6291dc9-b50f-5e02-7092-d44bfcf56c4b}.Debug|Any CPU.Build.0 = Debug|Any CPU
		{863fddeb-4d8c-3b0c-95f5-f89c6dafce00}.Debug|Any CPU.ActiveCfg = Debug|Any CPU
		{863fddeb-4d8c-3b0c-95f5-f89c6dafce00}.Debug|Any CPU.Build.0 = Debug|Any CPU
		{0d1839af-7482-dec5-db12-d85650f2f375}.Debug|Any CPU.ActiveCfg = Debug|Any CPU
		{0d1839af-7482-dec5-db12-d85650f2f375}.Debug|Any CPU.Build.0 = Debug|Any CPU
		{6b3eb4de-48b8-fab0-7ed4-4c1b35f7c3ff}.Debug|Any CPU.ActiveCfg = Debug|Any CPU
		{6b3eb4de-48b8-fab0-7ed4-4c1b35f7c3ff}.Debug|Any CPU.Build.0 = Debug|Any CPU
		{5b6a4c9f-bea2-57be-62a3-8294f67212da}.Debug|Any CPU.ActiveCfg = Debug|Any CPU
		{5b6a4c9f-bea2-57be-62a3-8294f67212da}.Debug|Any CPU.Build.0 = Debug|Any CPU
		{7f38c881-ae06-3efe-eedf-1c90a1910094}.Debug|Any CPU.ActiveCfg = Debug|Any CPU
		{7f38c881-ae06-3efe-eedf-1c90a1910094}.Debug|Any CPU.Build.0 = Debug|Any CPU
		{07c3ece9-8d90-3fb6-3d1e-66113f0fcd0c}.Debug|Any CPU.ActiveCfg = Debug|Any CPU
		{07c3ece9-8d90-3fb6-3d1e-66113f0fcd0c}.Debug|Any CPU.Build.0 = Debug|Any CPU
		{47c3531c-b2a8-4181-b737-5bac70fe4980}.Debug|Any CPU.ActiveCfg = Debug|Any CPU
		{47c3531c-b2a8-4181-b737-5bac70fe4980}.Debug|Any CPU.Build.0 = Debug|Any CPU
		{3372edc5-31ae-bce5-d0e9-b037b17bdb6c}.Debug|Any CPU.ActiveCfg = Debug|Any CPU
		{3372edc5-31ae-bce5-d0e9-b037b17bdb6c}.Debug|Any CPU.Build.0 = Debug|Any CPU
		{d60200b8-9fac-902f-9144-e2f30d0927ec}.Debug|Any CPU.ActiveCfg = Debug|Any CPU
		{d60200b8-9fac-902f-9144-e2f30d0927ec}.Debug|Any CPU.Build.0 = Debug|Any CPU
		{8f6ffd24-bff4-f459-09f3-2655887ecea4}.Debug|Any CPU.ActiveCfg = Debug|Any CPU
		{8f6ffd24-bff4-f459-09f3-2655887ecea4}.Debug|Any CPU.Build.0 = Debug|Any CPU
		{3e4aec0d-656d-537f-f601-1999d6c82308}.Debug|Any CPU.ActiveCfg = Debug|Any CPU
		{3e4aec0d-656d-537f-f601-1999d6c82308}.Debug|Any CPU.Build.0 = Debug|Any CPU
		{8f7e533d-2758-281c-c79a-0477adbae717}.Debug|Any CPU.ActiveCfg = Debug|Any CPU
		{8f7e533d-2758-281c-c79a-0477adbae717}.Debug|Any CPU.Build.0 = Debug|Any CPU
		{5f220af9-9cb0-dd71-3e84-47f9a97a820a}.Debug|Any CPU.ActiveCfg = Debug|Any CPU
		{5f220af9-9cb0-dd71-3e84-47f9a97a820a}.Debug|Any CPU.Build.0 = Debug|Any CPU
		{c78b0fc5-c19d-ee97-c1cc-41094a9fe575}.Debug|Any CPU.ActiveCfg = Debug|Any CPU
		{c78b0fc5-c19d-ee97-c1cc-41094a9fe575}.Debug|Any CPU.Build.0 = Debug|Any CPU
		{1e29973d-ceb2-7145-33f1-cbb530c8d180}.Debug|Any CPU.ActiveCfg = Debug|Any CPU
		{1e29973d-ceb2-7145-33f1-cbb530c8d180}.Debug|Any CPU.Build.0 = Debug|Any CPU
		{d56db9f3-1c46-3860-d603-decc33d55720}.Debug|Any CPU.ActiveCfg = Debug|Any CPU
		{d56db9f3-1c46-3860-d603-decc33d55720}.Debug|Any CPU.Build.0 = Debug|Any CPU
		{68cd762a-96f4-bbc4-0ea6-ba0f1cd51555}.Debug|Any CPU.ActiveCfg = Debug|Any CPU
		{68cd762a-96f4-bbc4-0ea6-ba0f1cd51555}.Debug|Any CPU.Build.0 = Debug|Any CPU
		{d498fa00-523e-170f-356f-b5f81f08ff1b}.Debug|Any CPU.ActiveCfg = Debug|Any CPU
		{d498fa00-523e-170f-356f-b5f81f08ff1b}.Debug|Any CPU.Build.0 = Debug|Any CPU
		{dcf60644-c9ee-d5a2-e644-a357793f1b0e}.Debug|Any CPU.ActiveCfg = Debug|Any CPU
		{dcf60644-c9ee-d5a2-e644-a357793f1b0e}.Debug|Any CPU.Build.0 = Debug|Any CPU
		{aad5c321-01b1-59eb-9b23-0a691ad48da3}.Debug|Any CPU.ActiveCfg = Debug|Any CPU
		{aad5c321-01b1-59eb-9b23-0a691ad48da3}.Debug|Any CPU.Build.0 = Debug|Any CPU
		{c33ec3cd-76e0-7299-f9b8-86c2372a3e43}.Debug|Any CPU.ActiveCfg = Debug|Any CPU
		{c33ec3cd-76e0-7299-f9b8-86c2372a3e43}.Debug|Any CPU.Build.0 = Debug|Any CPU
		{894251f5-d296-d324-8a1c-5629dce2593f}.Debug|Any CPU.ActiveCfg = Debug|Any CPU
		{894251f5-d296-d324-8a1c-5629dce2593f}.Debug|Any CPU.Build.0 = Debug|Any CPU
		{2c9af52e-1f76-d987-f00f-6e67ce51c55e}.Debug|Any CPU.ActiveCfg = Debug|Any CPU
		{2c9af52e-1f76-d987-f00f-6e67ce51c55e}.Debug|Any CPU.Build.0 = Debug|Any CPU
		{e3f1d867-7114-569c-8923-05d13519dc7e}.Debug|Any CPU.ActiveCfg = Debug|Any CPU
		{e3f1d867-7114-569c-8923-05d13519dc7e}.Debug|Any CPU.Build.0 = Debug|Any CPU
		{d7f82659-5e3c-85b1-13e0-59282ca1bfe5}.Debug|Any CPU.ActiveCfg = Debug|Any CPU
		{d7f82659-5e3c-85b1-13e0-59282ca1bfe5}.Debug|Any CPU.Build.0 = Debug|Any CPU
		{17ad99f2-1c8f-9e19-4f57-c07ccaf3ae55}.Debug|Any CPU.ActiveCfg = Debug|Any CPU
		{17ad99f2-1c8f-9e19-4f57-c07ccaf3ae55}.Debug|Any CPU.Build.0 = Debug|Any CPU
		{65693b28-f33c-f4f0-fd73-59ba0cdfeee6}.Debug|Any CPU.ActiveCfg = Debug|Any CPU
		{65693b28-f33c-f4f0-fd73-59ba0cdfeee6}.Debug|Any CPU.Build.0 = Debug|Any CPU
		{a8b92d84-aca9-12e7-788f-2db78b4e3b64}.Debug|Any CPU.ActiveCfg = Debug|Any CPU
		{a8b92d84-aca9-12e7-788f-2db78b4e3b64}.Debug|Any CPU.Build.0 = Debug|Any CPU
		{601826b6-b770-eece-40af-3c08db6311f4}.Debug|Any CPU.ActiveCfg = Debug|Any CPU
		{601826b6-b770-eece-40af-3c08db6311f4}.Debug|Any CPU.Build.0 = Debug|Any CPU
		{4cd23758-e0ab-b9e9-2a11-1e570bbf7039}.Debug|Any CPU.ActiveCfg = Debug|Any CPU
		{4cd23758-e0ab-b9e9-2a11-1e570bbf7039}.Debug|Any CPU.Build.0 = Debug|Any CPU
		{7d7b9bae-0f6e-6fe8-4950-2aaeee392457}.Debug|Any CPU.ActiveCfg = Debug|Any CPU
		{7d7b9bae-0f6e-6fe8-4950-2aaeee392457}.Debug|Any CPU.Build.0 = Debug|Any CPU
		{e62a262e-61b7-074f-f77d-30e98054e350}.Debug|Any CPU.ActiveCfg = Debug|Any CPU
		{e62a262e-61b7-074f-f77d-30e98054e350}.Debug|Any CPU.Build.0 = Debug|Any CPU
		{4724ff46-0c26-979f-64bf-596428629fb7}.Debug|Any CPU.ActiveCfg = Debug|Any CPU
		{4724ff46-0c26-979f-64bf-596428629fb7}.Debug|Any CPU.Build.0 = Debug|Any CPU
		{e77d8945-b061-a379-abc7-699b2615a14d}.Debug|Any CPU.ActiveCfg = Debug|Any CPU
		{e77d8945-b061-a379-abc7-699b2615a14d}.Debug|Any CPU.Build.0 = Debug|Any CPU
		{20d14cb0-90bd-32be-de92-3329a5159ca3}.Debug|Any CPU.ActiveCfg = Debug|Any CPU
		{20d14cb0-90bd-32be-de92-3329a5159ca3}.Debug|Any CPU.Build.0 = Debug|Any CPU
		{c82452f8-6e0f-d437-892d-20112146339b}.Debug|Any CPU.ActiveCfg = Debug|Any CPU
		{c82452f8-6e0f-d437-892d-20112146339b}.Debug|Any CPU.Build.0 = Debug|Any CPU
		{18ba9161-22e0-7d6b-e702-8c79fad2fdac}.Debug|Any CPU.ActiveCfg = Debug|Any CPU
		{18ba9161-22e0-7d6b-e702-8c79fad2fdac}.Debug|Any CPU.Build.0 = Debug|Any CPU
		{294d087a-54e9-f030-ed0d-912d4e3f22c7}.Debug|Any CPU.ActiveCfg = Debug|Any CPU
		{294d087a-54e9-f030-ed0d-912d4e3f22c7}.Debug|Any CPU.Build.0 = Debug|Any CPU
		{a81c8dc1-f5de-4231-2fde-c9f2a60ff154}.Debug|Any CPU.ActiveCfg = Debug|Any CPU
		{a81c8dc1-f5de-4231-2fde-c9f2a60ff154}.Debug|Any CPU.Build.0 = Debug|Any CPU
		{24b5d246-4c60-4b39-17f0-ec06da9eab60}.Debug|Any CPU.ActiveCfg = Debug|Any CPU
		{24b5d246-4c60-4b39-17f0-ec06da9eab60}.Debug|Any CPU.Build.0 = Debug|Any CPU
		{466d68fb-ad7a-6f4b-28ff-dcb4fe93a694}.Debug|Any CPU.ActiveCfg = Debug|Any CPU
		{466d68fb-ad7a-6f4b-28ff-dcb4fe93a694}.Debug|Any CPU.Build.0 = Debug|Any CPU
		{1f67a76c-5f04-714b-c14e-63dcb11d0239}.Debug|Any CPU.ActiveCfg = Debug|Any CPU
		{1f67a76c-5f04-714b-c14e-63dcb11d0239}.Debug|Any CPU.Build.0 = Debug|Any CPU
		{3cdbbebb-f34f-38da-2be6-03ad3d569d93}.Debug|Any CPU.ActiveCfg = Debug|Any CPU
		{3cdbbebb-f34f-38da-2be6-03ad3d569d93}.Debug|Any CPU.Build.0 = Debug|Any CPU
		{97bb6f02-a6d9-299a-9a60-53e6d23c4b42}.Debug|Any CPU.ActiveCfg = Debug|Any CPU
		{97bb6f02-a6d9-299a-9a60-53e6d23c4b42}.Debug|Any CPU.Build.0 = Debug|Any CPU
		{8d50e6e5-d692-20e6-1467-138e7fe55241}.Debug|Any CPU.ActiveCfg = Debug|Any CPU
		{8d50e6e5-d692-20e6-1467-138e7fe55241}.Debug|Any CPU.Build.0 = Debug|Any CPU
		{869ec710-194b-0d06-99e7-9029aeb7aed9}.Debug|Any CPU.ActiveCfg = Debug|Any CPU
		{869ec710-194b-0d06-99e7-9029aeb7aed9}.Debug|Any CPU.Build.0 = Debug|Any CPU
		{b24919da-24b3-2c44-5a42-ef32a58cbdd8}.Debug|Any CPU.ActiveCfg = Debug|Any CPU
		{b24919da-24b3-2c44-5a42-ef32a58cbdd8}.Debug|Any CPU.Build.0 = Debug|Any CPU
		{59026938-dc55-d828-4785-b0d4b2330e0c}.Debug|Any CPU.ActiveCfg = Debug|Any CPU
		{59026938-dc55-d828-4785-b0d4b2330e0c}.Debug|Any CPU.Build.0 = Debug|Any CPU
		{f099fb2c-b93e-0763-b576-bac640d12ff3}.Debug|Any CPU.ActiveCfg = Debug|Any CPU
		{f099fb2c-b93e-0763-b576-bac640d12ff3}.Debug|Any CPU.Build.0 = Debug|Any CPU
		{0baaa449-5d17-71b8-7ec4-5c0c08957a35}.Debug|Any CPU.ActiveCfg = Debug|Any CPU
		{0baaa449-5d17-71b8-7ec4-5c0c08957a35}.Debug|Any CPU.Build.0 = Debug|Any CPU
		{48c2209f-29f7-1293-12ea-c3c143b0ca95}.Debug|Any CPU.ActiveCfg = Debug|Any CPU
		{48c2209f-29f7-1293-12ea-c3c143b0ca95}.Debug|Any CPU.Build.0 = Debug|Any CPU
		{6e46edf9-83e3-4867-5d8d-f6432eba1c86}.Debug|Any CPU.ActiveCfg = Debug|Any CPU
		{6e46edf9-83e3-4867-5d8d-f6432eba1c86}.Debug|Any CPU.Build.0 = Debug|Any CPU
		{e1051234-d870-08b4-4639-723bfa1cbc26}.Debug|Any CPU.ActiveCfg = Debug|Any CPU
		{e1051234-d870-08b4-4639-723bfa1cbc26}.Debug|Any CPU.Build.0 = Debug|Any CPU
		{85265f0c-ed22-5f8c-d3ff-e86f5cc060c4}.Debug|Any CPU.ActiveCfg = Debug|Any CPU
		{85265f0c-ed22-5f8c-d3ff-e86f5cc060c4}.Debug|Any CPU.Build.0 = Debug|Any CPU
		{f90588d5-4a10-b3cd-299c-4d60e56b08da}.Debug|Any CPU.ActiveCfg = Debug|Any CPU
		{f90588d5-4a10-b3cd-299c-4d60e56b08da}.Debug|Any CPU.Build.0 = Debug|Any CPU
		{7f378553-24c0-4aa6-c4c7-846ff284bc1c}.Debug|Any CPU.ActiveCfg = Debug|Any CPU
		{7f378553-24c0-4aa6-c4c7-846ff284bc1c}.Debug|Any CPU.Build.0 = Debug|Any CPU
		{1823aacc-9366-00a2-084f-6b08db432c3d}.Debug|Any CPU.ActiveCfg = Debug|Any CPU
		{1823aacc-9366-00a2-084f-6b08db432c3d}.Debug|Any CPU.Build.0 = Debug|Any CPU
		{13c1147e-8801-d521-629e-bd62e583eed1}.Debug|Any CPU.ActiveCfg = Debug|Any CPU
		{13c1147e-8801-d521-629e-bd62e583eed1}.Debug|Any CPU.Build.0 = Debug|Any CPU
		{b76d1f8b-a751-000b-eda2-c19c6c0061b4}.Debug|Any CPU.ActiveCfg = Debug|Any CPU
		{b76d1f8b-a751-000b-eda2-c19c6c0061b4}.Debug|Any CPU.Build.0 = Debug|Any CPU
		{adbca9bc-81f2-c138-63ce-e174914dbd76}.Debug|Any CPU.ActiveCfg = Debug|Any CPU
		{adbca9bc-81f2-c138-63ce-e174914dbd76}.Debug|Any CPU.Build.0 = Debug|Any CPU
		{ab15c1a8-013a-cda9-66cc-36096e59bb2d}.Debug|Any CPU.ActiveCfg = Debug|Any CPU
		{ab15c1a8-013a-cda9-66cc-36096e59bb2d}.Debug|Any CPU.Build.0 = Debug|Any CPU
		{20a68532-39b3-6182-9059-be7846574250}.Debug|Any CPU.ActiveCfg = Debug|Any CPU
		{20a68532-39b3-6182-9059-be7846574250}.Debug|Any CPU.Build.0 = Debug|Any CPU
		{58a47e9c-200c-ec3f-bee1-68d668956988}.Debug|Any CPU.ActiveCfg = Debug|Any CPU
		{58a47e9c-200c-ec3f-bee1-68d668956988}.Debug|Any CPU.Build.0 = Debug|Any CPU
		{cdde7287-ed1c-5633-c7c1-f2da7007a705}.Debug|Any CPU.ActiveCfg = Debug|Any CPU
		{cdde7287-ed1c-5633-c7c1-f2da7007a705}.Debug|Any CPU.Build.0 = Debug|Any CPU
		{1d061941-171a-efce-a972-2491124a48c9}.Debug|Any CPU.ActiveCfg = Debug|Any CPU
		{1d061941-171a-efce-a972-2491124a48c9}.Debug|Any CPU.Build.0 = Debug|Any CPU
		{8b410b1c-5ee2-6183-a36b-0c5db5f26751}.Debug|Any CPU.ActiveCfg = Debug|Any CPU
		{8b410b1c-5ee2-6183-a36b-0c5db5f26751}.Debug|Any CPU.Build.0 = Debug|Any CPU
		{11bddb4e-178f-bacd-85d4-57f7ac3baec2}.Debug|Any CPU.ActiveCfg = Debug|Any CPU
		{11bddb4e-178f-bacd-85d4-57f7ac3baec2}.Debug|Any CPU.Build.0 = Debug|Any CPU
		{de42fc8a-5558-bbbc-93de-50f60d8b7867}.Debug|Any CPU.ActiveCfg = Debug|Any CPU
		{de42fc8a-5558-bbbc-93de-50f60d8b7867}.Debug|Any CPU.Build.0 = Debug|Any CPU
		{bd3b84a8-ca5e-9167-77dd-fca5d972bd84}.Debug|Any CPU.ActiveCfg = Debug|Any CPU
		{bd3b84a8-ca5e-9167-77dd-fca5d972bd84}.Debug|Any CPU.Build.0 = Debug|Any CPU
		{00e1337a-3a1f-bc16-fd3d-c24512216614}.Debug|Any CPU.ActiveCfg = Debug|Any CPU
		{00e1337a-3a1f-bc16-fd3d-c24512216614}.Debug|Any CPU.Build.0 = Debug|Any CPU
		{d8381a51-7513-7e3f-823f-c618e251333f}.Debug|Any CPU.ActiveCfg = Debug|Any CPU
		{d8381a51-7513-7e3f-823f-c618e251333f}.Debug|Any CPU.Build.0 = Debug|Any CPU
		{6aed2689-debf-a613-0f6a-ddc24e2b87b8}.Debug|Any CPU.ActiveCfg = Debug|Any CPU
		{6aed2689-debf-a613-0f6a-ddc24e2b87b8}.Debug|Any CPU.Build.0 = Debug|Any CPU
		{90759e70-b02c-27f6-2cd8-518a3e89da23}.Debug|Any CPU.ActiveCfg = Debug|Any CPU
		{90759e70-b02c-27f6-2cd8-518a3e89da23}.Debug|Any CPU.Build.0 = Debug|Any CPU
		{fac84eba-e8eb-89bb-f121-c42a4cf1bb59}.Debug|Any CPU.ActiveCfg = Debug|Any CPU
		{fac84eba-e8eb-89bb-f121-c42a4cf1bb59}.Debug|Any CPU.Build.0 = Debug|Any CPU
		{1a570efb-c427-8bc4-1d0c-16a69a1763b1}.Debug|Any CPU.ActiveCfg = Debug|Any CPU
		{1a570efb-c427-8bc4-1d0c-16a69a1763b1}.Debug|Any CPU.Build.0 = Debug|Any CPU
		{2251c187-0b1c-bf97-71b1-68dd0b74e0b5}.Debug|Any CPU.ActiveCfg = Debug|Any CPU
		{2251c187-0b1c-bf97-71b1-68dd0b74e0b5}.Debug|Any CPU.Build.0 = Debug|Any CPU
		{279a4e92-c1ab-2d4a-8bdd-52837521a08f}.Debug|Any CPU.ActiveCfg = Debug|Any CPU
		{279a4e92-c1ab-2d4a-8bdd-52837521a08f}.Debug|Any CPU.Build.0 = Debug|Any CPU
		{2088eccf-b3c4-cf1b-998c-d3a1d9d4e9d7}.Debug|Any CPU.ActiveCfg = Debug|Any CPU
		{2088eccf-b3c4-cf1b-998c-d3a1d9d4e9d7}.Debug|Any CPU.Build.0 = Debug|Any CPU
		{a1463e3e-91ad-d618-cbc5-55c4abc19bc1}.Debug|Any CPU.ActiveCfg = Debug|Any CPU
		{a1463e3e-91ad-d618-cbc5-55c4abc19bc1}.Debug|Any CPU.Build.0 = Debug|Any CPU
		{f8f00fea-ddcd-7e70-03e8-1c4ac40951d7}.Debug|Any CPU.ActiveCfg = Debug|Any CPU
		{f8f00fea-ddcd-7e70-03e8-1c4ac40951d7}.Debug|Any CPU.Build.0 = Debug|Any CPU
		{330d217f-748f-8364-1abb-84e31bad86f7}.Debug|Any CPU.ActiveCfg = Debug|Any CPU
		{330d217f-748f-8364-1abb-84e31bad86f7}.Debug|Any CPU.Build.0 = Debug|Any CPU
		{a1ab38e3-9998-a947-987e-8c8536eda1ee}.Debug|Any CPU.ActiveCfg = Debug|Any CPU
		{a1ab38e3-9998-a947-987e-8c8536eda1ee}.Debug|Any CPU.Build.0 = Debug|Any CPU
		{be829895-60fe-b967-4238-8cb4327c2808}.Debug|Any CPU.ActiveCfg = Debug|Any CPU
		{be829895-60fe-b967-4238-8cb4327c2808}.Debug|Any CPU.Build.0 = Debug|Any CPU
		{92287acb-10ab-4586-3e30-b34e6c5ceb95}.Debug|Any CPU.ActiveCfg = Debug|Any CPU
		{92287acb-10ab-4586-3e30-b34e6c5ceb95}.Debug|Any CPU.Build.0 = Debug|Any CPU
		{2d5722df-aa11-ccfd-063d-a9330a7cc052}.Debug|Any CPU.ActiveCfg = Debug|Any CPU
		{2d5722df-aa11-ccfd-063d-a9330a7cc052}.Debug|Any CPU.Build.0 = Debug|Any CPU
		{58dc695a-83ba-d5c8-097a-88b6f4e564e5}.Debug|Any CPU.ActiveCfg = Debug|Any CPU
		{58dc695a-83ba-d5c8-097a-88b6f4e564e5}.Debug|Any CPU.Build.0 = Debug|Any CPU
		{a7983290-e315-8130-06f6-74def771793d}.Debug|Any CPU.ActiveCfg = Debug|Any CPU
		{a7983290-e315-8130-06f6-74def771793d}.Debug|Any CPU.Build.0 = Debug|Any CPU
		{da89b5a7-ffe7-d4b1-80ba-fbe9e1812952}.Debug|Any CPU.ActiveCfg = Debug|Any CPU
		{da89b5a7-ffe7-d4b1-80ba-fbe9e1812952}.Debug|Any CPU.Build.0 = Debug|Any CPU
		{10f33edc-8b51-f3b7-8796-2184bb577b41}.Debug|Any CPU.ActiveCfg = Debug|Any CPU
		{10f33edc-8b51-f3b7-8796-2184bb577b41}.Debug|Any CPU.Build.0 = Debug|Any CPU
		{290abb57-8d47-e5ee-05cf-f17106b168f9}.Debug|Any CPU.ActiveCfg = Debug|Any CPU
		{290abb57-8d47-e5ee-05cf-f17106b168f9}.Debug|Any CPU.Build.0 = Debug|Any CPU
		{4072bdb0-d980-36fd-61b9-d2debf0e0741}.Debug|Any CPU.ActiveCfg = Debug|Any CPU
		{4072bdb0-d980-36fd-61b9-d2debf0e0741}.Debug|Any CPU.Build.0 = Debug|Any CPU
		{5ec531a0-bc7a-55af-dcb9-748c826d943e}.Debug|Any CPU.ActiveCfg = Debug|Any CPU
		{5ec531a0-bc7a-55af-dcb9-748c826d943e}.Debug|Any CPU.Build.0 = Debug|Any CPU
		{fb8d2864-8ba2-26d3-29bb-e4b0ba40db99}.Debug|Any CPU.ActiveCfg = Debug|Any CPU
		{fb8d2864-8ba2-26d3-29bb-e4b0ba40db99}.Debug|Any CPU.Build.0 = Debug|Any CPU
		{fa691480-bb32-310d-6f3b-1c7f038dc4d7}.Debug|Any CPU.ActiveCfg = Debug|Any CPU
		{fa691480-bb32-310d-6f3b-1c7f038dc4d7}.Debug|Any CPU.Build.0 = Debug|Any CPU
		{687411c1-4af7-865a-4c1c-73fcc92f24e7}.Debug|Any CPU.ActiveCfg = Debug|Any CPU
		{687411c1-4af7-865a-4c1c-73fcc92f24e7}.Debug|Any CPU.Build.0 = Debug|Any CPU
		{a3b4635d-06f6-42ff-f725-ebc5b46cbb3f}.Debug|Any CPU.ActiveCfg = Debug|Any CPU
		{a3b4635d-06f6-42ff-f725-ebc5b46cbb3f}.Debug|Any CPU.Build.0 = Debug|Any CPU
		{3a5e773b-5ceb-508f-f51a-40febc3d7125}.Debug|Any CPU.ActiveCfg = Debug|Any CPU
		{3a5e773b-5ceb-508f-f51a-40febc3d7125}.Debug|Any CPU.Build.0 = Debug|Any CPU
		{44f5945f-de21-91a0-d5ba-eb00dc678b20}.Debug|Any CPU.ActiveCfg = Debug|Any CPU
		{44f5945f-de21-91a0-d5ba-eb00dc678b20}.Debug|Any CPU.Build.0 = Debug|Any CPU
		{97432fed-4fb3-70a2-78b6-c61e3970fdaa}.Debug|Any CPU.ActiveCfg = Debug|Any CPU
		{97432fed-4fb3-70a2-78b6-c61e3970fdaa}.Debug|Any CPU.Build.0 = Debug|Any CPU
		{924f39d2-3f63-2352-0424-3933458a96e9}.Debug|Any CPU.ActiveCfg = Debug|Any CPU
		{924f39d2-3f63-2352-0424-3933458a96e9}.Debug|Any CPU.Build.0 = Debug|Any CPU
		{558567ce-f833-acf4-869d-e52b6471d7e3}.Debug|Any CPU.ActiveCfg = Debug|Any CPU
		{558567ce-f833-acf4-869d-e52b6471d7e3}.Debug|Any CPU.Build.0 = Debug|Any CPU
		{80983009-5be1-07dc-53e6-9712bd1fe3e8}.Debug|Any CPU.ActiveCfg = Debug|Any CPU
		{80983009-5be1-07dc-53e6-9712bd1fe3e8}.Debug|Any CPU.Build.0 = Debug|Any CPU
		{1dedee27-24c1-94b8-d66f-3005285ecd3a}.Debug|Any CPU.ActiveCfg = Debug|Any CPU
		{1dedee27-24c1-94b8-d66f-3005285ecd3a}.Debug|Any CPU.Build.0 = Debug|Any CPU
		{d05af873-0da8-32ad-036f-1f735b5a4fce}.Debug|Any CPU.ActiveCfg = Debug|Any CPU
		{d05af873-0da8-32ad-036f-1f735b5a4fce}.Debug|Any CPU.Build.0 = Debug|Any CPU
		{061c5306-5fd6-1895-823e-ed2b407a9d49}.Debug|Any CPU.ActiveCfg = Debug|Any CPU
		{061c5306-5fd6-1895-823e-ed2b407a9d49}.Debug|Any CPU.Build.0 = Debug|Any CPU
		{f4be3763-48cc-c8af-2a27-eb0080615630}.Debug|Any CPU.ActiveCfg = Debug|Any CPU
		{f4be3763-48cc-c8af-2a27-eb0080615630}.Debug|Any CPU.Build.0 = Debug|Any CPU
		{33897361-0119-96bd-f54b-c4d2164af474}.Debug|Any CPU.ActiveCfg = Debug|Any CPU
		{33897361-0119-96bd-f54b-c4d2164af474}.Debug|Any CPU.Build.0 = Debug|Any CPU
		{3e858841-e6c8-f32c-f3a7-cf48b3543a78}.Debug|Any CPU.ActiveCfg = Debug|Any CPU
		{3e858841-e6c8-f32c-f3a7-cf48b3543a78}.Debug|Any CPU.Build.0 = Debug|Any CPU
		{097d7273-177f-67f8-414d-be84a9e631df}.Debug|Any CPU.ActiveCfg = Debug|Any CPU
		{097d7273-177f-67f8-414d-be84a9e631df}.Debug|Any CPU.Build.0 = Debug|Any CPU
		{c3f2fdfc-0805-e441-d81e-cb562fd36cc0}.Debug|Any CPU.ActiveCfg = Debug|Any CPU
		{c3f2fdfc-0805-e441-d81e-cb562fd36cc0}.Debug|Any CPU.Build.0 = Debug|Any CPU
		{2d73c4ae-ce79-a32b-c82b-e4412b2687f8}.Debug|Any CPU.ActiveCfg = Debug|Any CPU
		{2d73c4ae-ce79-a32b-c82b-e4412b2687f8}.Debug|Any CPU.Build.0 = Debug|Any CPU
		{bec235aa-f470-8f75-a482-9c6e0b8958b4}.Debug|Any CPU.ActiveCfg = Debug|Any CPU
		{bec235aa-f470-8f75-a482-9c6e0b8958b4}.Debug|Any CPU.Build.0 = Debug|Any CPU
		{9d75bc64-11ef-76c3-3686-bc609f8027f9}.Debug|Any CPU.ActiveCfg = Debug|Any CPU
		{9d75bc64-11ef-76c3-3686-bc609f8027f9}.Debug|Any CPU.Build.0 = Debug|Any CPU
		{b0282946-8bdd-09ba-e303-536a31f1c735}.Debug|Any CPU.ActiveCfg = Debug|Any CPU
		{b0282946-8bdd-09ba-e303-536a31f1c735}.Debug|Any CPU.Build.0 = Debug|Any CPU
		{7315feb3-77a5-f00f-ecc4-4ec34ae4d952}.Debug|Any CPU.ActiveCfg = Debug|Any CPU
		{7315feb3-77a5-f00f-ecc4-4ec34ae4d952}.Debug|Any CPU.Build.0 = Debug|Any CPU
		{27d5aaa1-e439-07bd-0ac4-8458b3fb1705}.Debug|Any CPU.ActiveCfg = Debug|Any CPU
		{27d5aaa1-e439-07bd-0ac4-8458b3fb1705}.Debug|Any CPU.Build.0 = Debug|Any CPU
		{870e1ae3-9980-6667-e5b1-7830c35a73f4}.Debug|Any CPU.ActiveCfg = Debug|Any CPU
		{870e1ae3-9980-6667-e5b1-7830c35a73f4}.Debug|Any CPU.Build.0 = Debug|Any CPU
		{71d192b3-e771-f3a3-4dd8-7d8c175b3a9d}.Debug|Any CPU.ActiveCfg = Debug|Any CPU
		{71d192b3-e771-f3a3-4dd8-7d8c175b3a9d}.Debug|Any CPU.Build.0 = Debug|Any CPU
		{b8958e8a-7b8b-b034-79ad-7a20e4887051}.Debug|Any CPU.ActiveCfg = Debug|Any CPU
		{b8958e8a-7b8b-b034-79ad-7a20e4887051}.Debug|Any CPU.Build.0 = Debug|Any CPU
		{6cdf4f43-ea98-41ce-91c1-0f19f89ef97b}.Debug|Any CPU.ActiveCfg = Debug|Any CPU
		{6cdf4f43-ea98-41ce-91c1-0f19f89ef97b}.Debug|Any CPU.Build.0 = Debug|Any CPU
		{4933fa0b-bfd6-fe5a-26ef-bc82762bc81e}.Debug|Any CPU.ActiveCfg = Debug|Any CPU
		{4933fa0b-bfd6-fe5a-26ef-bc82762bc81e}.Debug|Any CPU.Build.0 = Debug|Any CPU
		{e0883f90-de4f-aec7-0915-ae060c172c83}.Debug|Any CPU.ActiveCfg = Debug|Any CPU
		{e0883f90-de4f-aec7-0915-ae060c172c83}.Debug|Any CPU.Build.0 = Debug|Any CPU
		{19aa3490-0555-583a-918f-5aaff0d2388b}.Debug|Any CPU.ActiveCfg = Debug|Any CPU
		{19aa3490-0555-583a-918f-5aaff0d2388b}.Debug|Any CPU.Build.0 = Debug|Any CPU
		{1c1223c9-2814-102d-0dd7-c7ea0e39a465}.Debug|Any CPU.ActiveCfg = Debug|Any CPU
		{1c1223c9-2814-102d-0dd7-c7ea0e39a465}.Debug|Any CPU.Build.0 = Debug|Any CPU
		{c71ebc67-a404-dc29-eafb-05f2d133988d}.Debug|Any CPU.ActiveCfg = Debug|Any CPU
		{c71ebc67-a404-dc29-eafb-05f2d133988d}.Debug|Any CPU.Build.0 = Debug|Any CPU
		{c8cdbcf8-46df-f4f1-5d58-1da6cbb04015}.Debug|Any CPU.ActiveCfg = Debug|Any CPU
		{c8cdbcf8-46df-f4f1-5d58-1da6cbb04015}.Debug|Any CPU.Build.0 = Debug|Any CPU
		{00fce65d-2b88-5755-b9c6-657c26af1d36}.Debug|Any CPU.ActiveCfg = Debug|Any CPU
		{00fce65d-2b88-5755-b9c6-657c26af1d36}.Debug|Any CPU.Build.0 = Debug|Any CPU
	EndGlobalSection
	GlobalSection(SolutionProperties) = preSolution
		HideSolutionNode = FALSE
	EndGlobalSection
EndGlobal
